// !$*UTF8*$!
{
	archiveVersion = 1;
	classes = {
	};
	objectVersion = 77;
	objects = {

/* Begin PBXBuildFile section */
		0C08C8CD12C15CE035F05C57 /* WeekDetailView.swift in Sources */ = {isa = PBXBuildFile; fileRef = 67CA5FD6261656FD8FE51D12 /* WeekDetailView.swift */; };
		1B051930B7DB59229CCA795A /* ProgramListView.swift in Sources */ = {isa = PBXBuildFile; fileRef = 04C869A0B0E306EA78E8ED05 /* ProgramListView.swift */; };
		308A8E4B494EF4F80132C885 /* MetronomeEngine.swift in Sources */ = {isa = PBXBuildFile; fileRef = FCBDCB687C5339066DBAE1A4 /* MetronomeEngine.swift */; };
		3578AD388A39C52B3FF35055 /* ExerciseTimerView.swift in Sources */ = {isa = PBXBuildFile; fileRef = CA190E56C9ADB74872D138F9 /* ExerciseTimerView.swift */; };
		4D9E5ABC86714C0EF32FC063 /* NotificationManager.swift in Sources */ = {isa = PBXBuildFile; fileRef = 07006B7107979A13F043CE7E /* NotificationManager.swift */; };
		52AC8C5DAA488E797A7CB86C /* ProgramSession.swift in Sources */ = {isa = PBXBuildFile; fileRef = 0EF9D32BC4ABCCA6D91E8EDA /* ProgramSession.swift */; };
		5D60123469E505007BB50A4D /* Assets.xcassets in Resources */ = {isa = PBXBuildFile; fileRef = 823D5E291F756769C64E9BD6 /* Assets.xcassets */; };
		678886073674728A86CDD84E /* Program.swift in Sources */ = {isa = PBXBuildFile; fileRef = 78009195C996B692F9F5B092 /* Program.swift */; };
		69659349729A6964CFA60C04 /* ProgramExercise.swift in Sources */ = {isa = PBXBuildFile; fileRef = 4C894D2F34BF3C06E79D830D /* ProgramExercise.swift */; };
		6AFD0558D2FAD9AD2A0EB14D /* AddProgramView.swift in Sources */ = {isa = PBXBuildFile; fileRef = 028DFF8F2D7F1EC6CB1B078B /* AddProgramView.swift */; };
		6B5FCFEAACB6CC52E96991A9 /* SeedData.swift in Sources */ = {isa = PBXBuildFile; fileRef = FA122F861D1145A12E5502E7 /* SeedData.swift */; };
		6DFAE8E7E329D07F9AC4CCD8 /* AddSessionNameView.swift in Sources */ = {isa = PBXBuildFile; fileRef = 8ED68CBCE0D2BA0B929B84DC /* AddSessionNameView.swift */; };
		7A0BFF6AF51B90C64DD45B4C /* AddSessionView.swift in Sources */ = {isa = PBXBuildFile; fileRef = 7DDE1E76CB66147F4EE78DB0 /* AddSessionView.swift */; };
		7DB428931E1E5E8D916E2780 /* SessionDetailView.swift in Sources */ = {isa = PBXBuildFile; fileRef = D43FCC7FCD3CE6B444DF57D4 /* SessionDetailView.swift */; };
		7E408E62D3954F37957137C0 /* ProgramDetailView.swift in Sources */ = {isa = PBXBuildFile; fileRef = 5021B778CC5C5DCF8D93FA9D /* ProgramDetailView.swift */; };
		986F6FFE1AEE8A5BFC3B1B05 /* MetronomeView.swift in Sources */ = {isa = PBXBuildFile; fileRef = 53483D101CD0456453B1CE74 /* MetronomeView.swift */; };
		ACC68310A3AC859EF258502D /* AddExerciseView.swift in Sources */ = {isa = PBXBuildFile; fileRef = 2B530F3C676F72EE2EBBCA5F /* AddExerciseView.swift */; };
		C0F5510E053551098E334943 /* ContentView.swift in Sources */ = {isa = PBXBuildFile; fileRef = B9577B66B6BC7FD3D2D0617D /* ContentView.swift */; };
		EEB87CAB35243AC581033D4E /* QuickLogView.swift in Sources */ = {isa = PBXBuildFile; fileRef = C77512A2B07770FEA67ABFE5 /* QuickLogView.swift */; };
		F98CDD795E4A662C9D0CE9E7 /* MusicPracticeApp.swift in Sources */ = {isa = PBXBuildFile; fileRef = 954464E4AA315E3972CB7D49 /* MusicPracticeApp.swift */; };
		FAB56B3EB27184A2818E9C23 /* ProgramWeek.swift in Sources */ = {isa = PBXBuildFile; fileRef = 5E37683234FE9941A56A8D3F /* ProgramWeek.swift */; };
		FC625BC9C6F8E2FBD22107BA /* PracticeSession.swift in Sources */ = {isa = PBXBuildFile; fileRef = B52313580E40DDE8A4FFEC0B /* PracticeSession.swift */; };
/* End PBXBuildFile section */

/* Begin PBXFileReference section */
		028DFF8F2D7F1EC6CB1B078B /* AddProgramView.swift */ = {isa = PBXFileReference; lastKnownFileType = sourcecode.swift; path = AddProgramView.swift; sourceTree = "<group>"; };
		04C869A0B0E306EA78E8ED05 /* ProgramListView.swift */ = {isa = PBXFileReference; lastKnownFileType = sourcecode.swift; path = ProgramListView.swift; sourceTree = "<group>"; };
		07006B7107979A13F043CE7E /* NotificationManager.swift */ = {isa = PBXFileReference; lastKnownFileType = sourcecode.swift; path = NotificationManager.swift; sourceTree = "<group>"; };
		0EF9D32BC4ABCCA6D91E8EDA /* ProgramSession.swift */ = {isa = PBXFileReference; lastKnownFileType = sourcecode.swift; path = ProgramSession.swift; sourceTree = "<group>"; };
		0F9EF7917AB34C281A6826C6 /* MusicPractice.app */ = {isa = PBXFileReference; includeInIndex = 0; lastKnownFileType = wrapper.application; path = MusicPractice.app; sourceTree = BUILT_PRODUCTS_DIR; };
		2B530F3C676F72EE2EBBCA5F /* AddExerciseView.swift */ = {isa = PBXFileReference; lastKnownFileType = sourcecode.swift; path = AddExerciseView.swift; sourceTree = "<group>"; };
		4C894D2F34BF3C06E79D830D /* ProgramExercise.swift */ = {isa = PBXFileReference; lastKnownFileType = sourcecode.swift; path = ProgramExercise.swift; sourceTree = "<group>"; };
		5021B778CC5C5DCF8D93FA9D /* ProgramDetailView.swift */ = {isa = PBXFileReference; lastKnownFileType = sourcecode.swift; path = ProgramDetailView.swift; sourceTree = "<group>"; };
		53483D101CD0456453B1CE74 /* MetronomeView.swift */ = {isa = PBXFileReference; lastKnownFileType = sourcecode.swift; path = MetronomeView.swift; sourceTree = "<group>"; };
		5E37683234FE9941A56A8D3F /* ProgramWeek.swift */ = {isa = PBXFileReference; lastKnownFileType = sourcecode.swift; path = ProgramWeek.swift; sourceTree = "<group>"; };
		67CA5FD6261656FD8FE51D12 /* WeekDetailView.swift */ = {isa = PBXFileReference; lastKnownFileType = sourcecode.swift; path = WeekDetailView.swift; sourceTree = "<group>"; };
		78009195C996B692F9F5B092 /* Program.swift */ = {isa = PBXFileReference; lastKnownFileType = sourcecode.swift; path = Program.swift; sourceTree = "<group>"; };
		7DDE1E76CB66147F4EE78DB0 /* AddSessionView.swift */ = {isa = PBXFileReference; lastKnownFileType = sourcecode.swift; path = AddSessionView.swift; sourceTree = "<group>"; };
		823D5E291F756769C64E9BD6 /* Assets.xcassets */ = {isa = PBXFileReference; lastKnownFileType = folder.assetcatalog; path = Assets.xcassets; sourceTree = "<group>"; };
		8ED68CBCE0D2BA0B929B84DC /* AddSessionNameView.swift */ = {isa = PBXFileReference; lastKnownFileType = sourcecode.swift; path = AddSessionNameView.swift; sourceTree = "<group>"; };
		954464E4AA315E3972CB7D49 /* MusicPracticeApp.swift */ = {isa = PBXFileReference; lastKnownFileType = sourcecode.swift; path = MusicPracticeApp.swift; sourceTree = "<group>"; };
		B52313580E40DDE8A4FFEC0B /* PracticeSession.swift */ = {isa = PBXFileReference; lastKnownFileType = sourcecode.swift; path = PracticeSession.swift; sourceTree = "<group>"; };
		B9577B66B6BC7FD3D2D0617D /* ContentView.swift */ = {isa = PBXFileReference; lastKnownFileType = sourcecode.swift; path = ContentView.swift; sourceTree = "<group>"; };
		C77512A2B07770FEA67ABFE5 /* QuickLogView.swift */ = {isa = PBXFileReference; lastKnownFileType = sourcecode.swift; path = QuickLogView.swift; sourceTree = "<group>"; };
		CA190E56C9ADB74872D138F9 /* ExerciseTimerView.swift */ = {isa = PBXFileReference; lastKnownFileType = sourcecode.swift; path = ExerciseTimerView.swift; sourceTree = "<group>"; };
		D43FCC7FCD3CE6B444DF57D4 /* SessionDetailView.swift */ = {isa = PBXFileReference; lastKnownFileType = sourcecode.swift; path = SessionDetailView.swift; sourceTree = "<group>"; };
		E9474A7FC110E335A7E522BC /* Info.plist */ = {isa = PBXFileReference; lastKnownFileType = text.plist; path = Info.plist; sourceTree = "<group>"; };
		FA122F861D1145A12E5502E7 /* SeedData.swift */ = {isa = PBXFileReference; lastKnownFileType = sourcecode.swift; path = SeedData.swift; sourceTree = "<group>"; };
		FCBDCB687C5339066DBAE1A4 /* MetronomeEngine.swift */ = {isa = PBXFileReference; lastKnownFileType = sourcecode.swift; path = MetronomeEngine.swift; sourceTree = "<group>"; };
/* End PBXFileReference section */

/* Begin PBXGroup section */
		111F2CBD1170EEF426E6B3D0 /* Views */ = {
			isa = PBXGroup;
			children = (
				2B530F3C676F72EE2EBBCA5F /* AddExerciseView.swift */,
				028DFF8F2D7F1EC6CB1B078B /* AddProgramView.swift */,
				8ED68CBCE0D2BA0B929B84DC /* AddSessionNameView.swift */,
				7DDE1E76CB66147F4EE78DB0 /* AddSessionView.swift */,
				B9577B66B6BC7FD3D2D0617D /* ContentView.swift */,
				CA190E56C9ADB74872D138F9 /* ExerciseTimerView.swift */,
				53483D101CD0456453B1CE74 /* MetronomeView.swift */,
				5021B778CC5C5DCF8D93FA9D /* ProgramDetailView.swift */,
				04C869A0B0E306EA78E8ED05 /* ProgramListView.swift */,
				C77512A2B07770FEA67ABFE5 /* QuickLogView.swift */,
				D43FCC7FCD3CE6B444DF57D4 /* SessionDetailView.swift */,
				67CA5FD6261656FD8FE51D12 /* WeekDetailView.swift */,
			);
			path = Views;
			sourceTree = "<group>";
		};
		2BDCE3EF2C5299E269A5D020 = {
			isa = PBXGroup;
			children = (
				D810093AB3A7370E0A315FF9 /* MusicPractice */,
				B355DD9FF18D729DDA4EAB9B /* Products */,
			);
			sourceTree = "<group>";
		};
		9756522B5EF4AB9E5330C55D /* Models */ = {
			isa = PBXGroup;
			children = (
				B52313580E40DDE8A4FFEC0B /* PracticeSession.swift */,
				78009195C996B692F9F5B092 /* Program.swift */,
				4C894D2F34BF3C06E79D830D /* ProgramExercise.swift */,
				0EF9D32BC4ABCCA6D91E8EDA /* ProgramSession.swift */,
				5E37683234FE9941A56A8D3F /* ProgramWeek.swift */,
			);
			path = Models;
			sourceTree = "<group>";
		};
		B355DD9FF18D729DDA4EAB9B /* Products */ = {
			isa = PBXGroup;
			children = (
				0F9EF7917AB34C281A6826C6 /* MusicPractice.app */,
			);
			name = Products;
			sourceTree = "<group>";
		};
		D810093AB3A7370E0A315FF9 /* MusicPractice */ = {
			isa = PBXGroup;
			children = (
				823D5E291F756769C64E9BD6 /* Assets.xcassets */,
				E9474A7FC110E335A7E522BC /* Info.plist */,
				954464E4AA315E3972CB7D49 /* MusicPracticeApp.swift */,
				9756522B5EF4AB9E5330C55D /* Models */,
				F7C55A08F5BB5843289FC085 /* Services */,
				111F2CBD1170EEF426E6B3D0 /* Views */,
			);
			path = MusicPractice;
			sourceTree = "<group>";
		};
		F7C55A08F5BB5843289FC085 /* Services */ = {
			isa = PBXGroup;
			children = (
				FCBDCB687C5339066DBAE1A4 /* MetronomeEngine.swift */,
				07006B7107979A13F043CE7E /* NotificationManager.swift */,
				FA122F861D1145A12E5502E7 /* SeedData.swift */,
			);
			path = Services;
			sourceTree = "<group>";
		};
/* End PBXGroup section */

/* Begin PBXNativeTarget section */
		5573332952DBB371446F01B3 /* MusicPractice */ = {
			isa = PBXNativeTarget;
			buildConfigurationList = FD082FF0259FB2BA4817F8DB /* Build configuration list for PBXNativeTarget "MusicPractice" */;
			buildPhases = (
				09727156D60F29877E2921FF /* Sources */,
				F40A308A09D5FE2A4857FAB5 /* Resources */,
			);
			buildRules = (
			);
			dependencies = (
			);
			name = MusicPractice;
			packageProductDependencies = (
			);
			productName = MusicPractice;
			productReference = 0F9EF7917AB34C281A6826C6 /* MusicPractice.app */;
			productType = "com.apple.product-type.application";
		};
/* End PBXNativeTarget section */

/* Begin PBXProject section */
		BEE42830AEDA336BF34B9F5C /* Project object */ = {
			isa = PBXProject;
			attributes = {
				BuildIndependentTargetsInParallel = YES;
				LastUpgradeCheck = 1430;
				TargetAttributes = {
					5573332952DBB371446F01B3 = {
						DevelopmentTeam = "";
						ProvisioningStyle = Automatic;
					};
				};
			};
			buildConfigurationList = FAAE1983A083C9D7DDB812FA /* Build configuration list for PBXProject "MusicPractice" */;
			developmentRegion = en;
			hasScannedForEncodings = 0;
			knownRegions = (
				Base,
				en,
			);
			mainGroup = 2BDCE3EF2C5299E269A5D020;
			minimizedProjectReferenceProxies = 1;
			preferredProjectObjectVersion = 77;
			productRefGroup = B355DD9FF18D729DDA4EAB9B /* Products */;
			projectDirPath = "";
			projectRoot = "";
			targets = (
				5573332952DBB371446F01B3 /* MusicPractice */,
			);
		};
/* End PBXProject section */

/* Begin PBXResourcesBuildPhase section */
		F40A308A09D5FE2A4857FAB5 /* Resources */ = {
			isa = PBXResourcesBuildPhase;
			buildActionMask = 2147483647;
			files = (
				5D60123469E505007BB50A4D /* Assets.xcassets in Resources */,
			);
			runOnlyForDeploymentPostprocessing = 0;
		};
/* End PBXResourcesBuildPhase section */

/* Begin PBXSourcesBuildPhase section */
		09727156D60F29877E2921FF /* Sources */ = {
			isa = PBXSourcesBuildPhase;
			buildActionMask = 2147483647;
			files = (
				ACC68310A3AC859EF258502D /* AddExerciseView.swift in Sources */,
				6AFD0558D2FAD9AD2A0EB14D /* AddProgramView.swift in Sources */,
				6DFAE8E7E329D07F9AC4CCD8 /* AddSessionNameView.swift in Sources */,
				7A0BFF6AF51B90C64DD45B4C /* AddSessionView.swift in Sources */,
				C0F5510E053551098E334943 /* ContentView.swift in Sources */,
				3578AD388A39C52B3FF35055 /* ExerciseTimerView.swift in Sources */,
				308A8E4B494EF4F80132C885 /* MetronomeEngine.swift in Sources */,
				986F6FFE1AEE8A5BFC3B1B05 /* MetronomeView.swift in Sources */,
				F98CDD795E4A662C9D0CE9E7 /* MusicPracticeApp.swift in Sources */,
				4D9E5ABC86714C0EF32FC063 /* NotificationManager.swift in Sources */,
				FC625BC9C6F8E2FBD22107BA /* PracticeSession.swift in Sources */,
				678886073674728A86CDD84E /* Program.swift in Sources */,
				7E408E62D3954F37957137C0 /* ProgramDetailView.swift in Sources */,
				69659349729A6964CFA60C04 /* ProgramExercise.swift in Sources */,
				1B051930B7DB59229CCA795A /* ProgramListView.swift in Sources */,
				52AC8C5DAA488E797A7CB86C /* ProgramSession.swift in Sources */,
				FAB56B3EB27184A2818E9C23 /* ProgramWeek.swift in Sources */,
				EEB87CAB35243AC581033D4E /* QuickLogView.swift in Sources */,
				6B5FCFEAACB6CC52E96991A9 /* SeedData.swift in Sources */,
				7DB428931E1E5E8D916E2780 /* SessionDetailView.swift in Sources */,
				0C08C8CD12C15CE035F05C57 /* WeekDetailView.swift in Sources */,
			);
			runOnlyForDeploymentPostprocessing = 0;
		};
/* End PBXSourcesBuildPhase section */

/* Begin XCBuildConfiguration section */
		5B023EFE1FA5A71724461F6D /* Debug */ = {
			isa = XCBuildConfiguration;
			buildSettings = {
				ALWAYS_SEARCH_USER_PATHS = NO;
				CLANG_ANALYZER_NONNULL = YES;
				CLANG_ANALYZER_NUMBER_OBJECT_CONVERSION = YES_AGGRESSIVE;
				CLANG_CXX_LANGUAGE_STANDARD = "gnu++14";
				CLANG_CXX_LIBRARY = "libc++";
				CLANG_ENABLE_MODULES = YES;
				CLANG_ENABLE_OBJC_ARC = YES;
				CLANG_ENABLE_OBJC_WEAK = YES;
				CLANG_WARN_BLOCK_CAPTURE_AUTORELEASING = YES;
				CLANG_WARN_BOOL_CONVERSION = YES;
				CLANG_WARN_COMMA = YES;
				CLANG_WARN_CONSTANT_CONVERSION = YES;
				CLANG_WARN_DEPRECATED_OBJC_IMPLEMENTATIONS = YES;
				CLANG_WARN_DIRECT_OBJC_ISA_USAGE = YES_ERROR;
				CLANG_WARN_DOCUMENTATION_COMMENTS = YES;
				CLANG_WARN_EMPTY_BODY = YES;
				CLANG_WARN_ENUM_CONVERSION = YES;
				CLANG_WARN_INFINITE_RECURSION = YES;
				CLANG_WARN_INT_CONVERSION = YES;
				CLANG_WARN_NON_LITERAL_NULL_CONVERSION = YES;
				CLANG_WARN_OBJC_IMPLICIT_RETAIN_SELF = YES;
				CLANG_WARN_OBJC_LITERAL_CONVERSION = YES;
				CLANG_WARN_OBJC_ROOT_CLASS = YES_ERROR;
				CLANG_WARN_QUOTED_INCLUDE_IN_FRAMEWORK_HEADER = YES;
				CLANG_WARN_RANGE_LOOP_ANALYSIS = YES;
				CLANG_WARN_STRICT_PROTOTYPES = YES;
				CLANG_WARN_SUSPICIOUS_MOVE = YES;
				CLANG_WARN_UNGUARDED_AVAILABILITY = YES_AGGRESSIVE;
				CLANG_WARN_UNREACHABLE_CODE = YES;
				CLANG_WARN__DUPLICATE_METHOD_MATCH = YES;
				COPY_PHASE_STRIP = NO;
				DEBUG_INFORMATION_FORMAT = dwarf;
				ENABLE_STRICT_OBJC_MSGSEND = YES;
				ENABLE_TESTABILITY = YES;
				GCC_C_LANGUAGE_STANDARD = gnu11;
				GCC_DYNAMIC_NO_PIC = NO;
				GCC_NO_COMMON_BLOCKS = YES;
				GCC_OPTIMIZATION_LEVEL = 0;
				GCC_PREPROCESSOR_DEFINITIONS = (
					"$(inherited)",
					"DEBUG=1",
				);
				GCC_WARN_64_TO_32_BIT_CONVERSION = YES;
				GCC_WARN_ABOUT_RETURN_TYPE = YES_ERROR;
				GCC_WARN_UNDECLARED_SELECTOR = YES;
				GCC_WARN_UNINITIALIZED_AUTOS = YES_AGGRESSIVE;
				GCC_WARN_UNUSED_FUNCTION = YES;
				GCC_WARN_UNUSED_VARIABLE = YES;
				IPHONEOS_DEPLOYMENT_TARGET = 18.0;
				MTL_ENABLE_DEBUG_INFO = INCLUDE_SOURCE;
				MTL_FAST_MATH = YES;
				ONLY_ACTIVE_ARCH = YES;
				PRODUCT_NAME = "$(TARGET_NAME)";
				SDKROOT = iphoneos;
				SWIFT_ACTIVE_COMPILATION_CONDITIONS = DEBUG;
				SWIFT_OPTIMIZATION_LEVEL = "-Onone";
				SWIFT_VERSION = 5.0;
			};
			name = Debug;
		};
		9F1A5CA1EC126ADC546C00DB /* Release */ = {
			isa = XCBuildConfiguration;
			buildSettings = {
				ASSETCATALOG_COMPILER_APPICON_NAME = AppIcon;
				ASSETCATALOG_COMPILER_GLOBAL_ACCENT_COLOR_NAME = AccentColor;
				CODE_SIGN_IDENTITY = "iPhone Developer";
				CODE_SIGN_STYLE = Automatic;
				DEVELOPMENT_TEAM = "";
				INFOPLIST_FILE = MusicPractice/Info.plist;
				LD_RUNPATH_SEARCH_PATHS = (
					"$(inherited)",
					"@executable_path/Frameworks",
				);
				PRODUCT_BUNDLE_IDENTIFIER = com.grusellstorvreta.MusicPractice;
				PRODUCT_NAME = MusicPractice;
				SDKROOT = iphoneos;
				SWIFT_VERSION = 5.0;
				TARGETED_DEVICE_FAMILY = "1,2";
			};
			name = Release;
		};
		D736569CBCBAB3D6986B9EA8 /* Release */ = {
			isa = XCBuildConfiguration;
			buildSettings = {
				ALWAYS_SEARCH_USER_PATHS = NO;
				CLANG_ANALYZER_NONNULL = YES;
				CLANG_ANALYZER_NUMBER_OBJECT_CONVERSION = YES_AGGRESSIVE;
				CLANG_CXX_LANGUAGE_STANDARD = "gnu++14";
				CLANG_CXX_LIBRARY = "libc++";
				CLANG_ENABLE_MODULES = YES;
				CLANG_ENABLE_OBJC_ARC = YES;
				CLANG_ENABLE_OBJC_WEAK = YES;
				CLANG_WARN_BLOCK_CAPTURE_AUTORELEASING = YES;
				CLANG_WARN_BOOL_CONVERSION = YES;
				CLANG_WARN_COMMA = YES;
				CLANG_WARN_CONSTANT_CONVERSION = YES;
				CLANG_WARN_DEPRECATED_OBJC_IMPLEMENTATIONS = YES;
				CLANG_WARN_DIRECT_OBJC_ISA_USAGE = YES_ERROR;
				CLANG_WARN_DOCUMENTATION_COMMENTS = YES;
				CLANG_WARN_EMPTY_BODY = YES;
				CLANG_WARN_ENUM_CONVERSION = YES;
				CLANG_WARN_INFINITE_RECURSION = YES;
				CLANG_WARN_INT_CONVERSION = YES;
				CLANG_WARN_NON_LITERAL_NULL_CONVERSION = YES;
				CLANG_WARN_OBJC_IMPLICIT_RETAIN_SELF = YES;
				CLANG_WARN_OBJC_LITERAL_CONVERSION = YES;
				CLANG_WARN_OBJC_ROOT_CLASS = YES_ERROR;
				CLANG_WARN_QUOTED_INCLUDE_IN_FRAMEWORK_HEADER = YES;
				CLANG_WARN_RANGE_LOOP_ANALYSIS = YES;
				CLANG_WARN_STRICT_PROTOTYPES = YES;
				CLANG_WARN_SUSPICIOUS_MOVE = YES;
				CLANG_WARN_UNGUARDED_AVAILABILITY = YES_AGGRESSIVE;
				CLANG_WARN_UNREACHABLE_CODE = YES;
				CLANG_WARN__DUPLICATE_METHOD_MATCH = YES;
				COPY_PHASE_STRIP = NO;
				DEBUG_INFORMATION_FORMAT = "dwarf-with-dsym";
				ENABLE_NS_ASSERTIONS = NO;
				ENABLE_STRICT_OBJC_MSGSEND = YES;
				GCC_C_LANGUAGE_STANDARD = gnu11;
				GCC_NO_COMMON_BLOCKS = YES;
				GCC_WARN_64_TO_32_BIT_CONVERSION = YES;
				GCC_WARN_ABOUT_RETURN_TYPE = YES_ERROR;
				GCC_WARN_UNDECLARED_SELECTOR = YES;
				GCC_WARN_UNINITIALIZED_AUTOS = YES_AGGRESSIVE;
				GCC_WARN_UNUSED_FUNCTION = YES;
				GCC_WARN_UNUSED_VARIABLE = YES;
				IPHONEOS_DEPLOYMENT_TARGET = 18.0;
				MTL_ENABLE_DEBUG_INFO = NO;
				MTL_FAST_MATH = YES;
				PRODUCT_NAME = "$(TARGET_NAME)";
				SDKROOT = iphoneos;
				SWIFT_COMPILATION_MODE = wholemodule;
				SWIFT_OPTIMIZATION_LEVEL = "-O";
				SWIFT_VERSION = 5.0;
			};
			name = Release;
		};
		E064A1AC0AA2B6E58EFAF681 /* Debug */ = {
			isa = XCBuildConfiguration;
			buildSettings = {
				ASSETCATALOG_COMPILER_APPICON_NAME = AppIcon;
				ASSETCATALOG_COMPILER_GLOBAL_ACCENT_COLOR_NAME = AccentColor;
				CODE_SIGN_IDENTITY = "iPhone Developer";
				CODE_SIGN_STYLE = Automatic;
				DEVELOPMENT_TEAM = "";
				INFOPLIST_FILE = MusicPractice/Info.plist;
				LD_RUNPATH_SEARCH_PATHS = (
					"$(inherited)",
					"@executable_path/Frameworks",
				);
				PRODUCT_BUNDLE_IDENTIFIER = com.grusellstorvreta.MusicPractice;
				PRODUCT_NAME = MusicPractice;
				SDKROOT = iphoneos;
				SWIFT_VERSION = 5.0;
				TARGETED_DEVICE_FAMILY = "1,2";
			};
			name = Debug;
		};
/* End XCBuildConfiguration section */

/* Begin XCConfigurationList section */
		FAAE1983A083C9D7DDB812FA /* Build configuration list for PBXProject "MusicPractice" */ = {
			isa = XCConfigurationList;
			buildConfigurations = (
				5B023EFE1FA5A71724461F6D /* Debug */,
				D736569CBCBAB3D6986B9EA8 /* Release */,
			);
			defaultConfigurationIsVisible = 0;
			defaultConfigurationName = Debug;
		};
		FD082FF0259FB2BA4817F8DB /* Build configuration list for PBXNativeTarget "MusicPractice" */ = {
			isa = XCConfigurationList;
			buildConfigurations = (
				E064A1AC0AA2B6E58EFAF681 /* Debug */,
				9F1A5CA1EC126ADC546C00DB /* Release */,
			);
			defaultConfigurationIsVisible = 0;
			defaultConfigurationName = Debug;
		};
/* End XCConfigurationList section */
	};
	rootObject = BEE42830AEDA336BF34B9F5C /* Project object */;
}
